{
  "nodes": {
    "disko": {
      "inputs": {
        "nixpkgs": [
          "nixpkgs"
        ]
      },
      "locked": {
        "lastModified": 1740485968,
        "narHash": "sha256-WK+PZHbfDjLyveXAxpnrfagiFgZWaTJglewBWniTn2Y=",
        "owner": "nix-community",
        "repo": "disko",
        "rev": "19c1140419c4f1cdf88ad4c1cfb6605597628940",
        "type": "github"
      },
      "original": {
        "owner": "nix-community",
        "repo": "disko",
        "type": "github"
      }
    },
    "nixpkgs": {
      "locked": {
        "lastModified": 1741171237,
        "narHash": "sha256-3IJy05lcahEv8KM2QUsvdukmyxlNfRfGSYzZqWMPBcU=",
        "owner": "NixOS",
        "repo": "nixpkgs",
        "rev": "59e3cd3bfcd5e27bb7f4498a5bd15084cecdb77c",
        "type": "github"
      },
      "original": {
        "owner": "NixOS",
        "ref": "nixos-unstable-small",
        "repo": "nixpkgs",
        "type": "github"
      }
    },
    "onnimonni-ssh-keys": {
      "flake": false,
      "locked": {
        "narHash": "sha256-s76ms4gJhS03Ls0xRDKZgjgadMAeSAqabqCuAAW84wc=",
        "type": "file",
        "url": "https://github.com/onnimonni.keys"
      },
      "original": {
        "type": "file",
        "url": "https://github.com/onnimonni.keys"
      }
    },
    "root": {
      "inputs": {
        "disko": "disko",
        "nixpkgs": [
          "srvos",
          "nixpkgs"
        ],
        "onnimonni-ssh-keys": "onnimonni-ssh-keys",
        "sops-nix": "sops-nix",
        "srvos": "srvos"
      }
    },
    "sops-nix": {
      "inputs": {
        "nixpkgs": [
          "nixpkgs"
        ]
      },
      "locked": {
        "lastModified": 1741043164,
        "narHash": "sha256-9lfmSZLz6eq9Ygr6cCmvQiiBEaPb54pUBcjvbEMPORc=",
        "owner": "Mic92",
        "repo": "sops-nix",
        "rev": "3f2412536eeece783f0d0ad3861417f347219f4d",
        "type": "github"
      },
      "original": {
        "owner": "Mic92",
        "repo": "sops-nix",
        "type": "github"
      }
    },
    "srvos": {
      "inputs": {
        "nixpkgs": "nixpkgs"
      },
      "locked": {
        "lastModified": 1741275113,
        "narHash": "sha256-1vZe724XGlH+hKo8mgwhC9iQdaX2Ntcosl3Gk5UOzPA=",
        "owner": "nix-community",
        "repo": "srvos",
        "rev": "fa814c65868d32f7bd4d13a87b191ace02feb7d8",
        "type": "github"
      },
      "original": {
        "owner": "nix-community",
        "repo": "srvos",
        "type": "github"
      }
    }
  },
  "root": "root",
  "version": 7
}
